<?xml version="1.0" encoding="utf-8"?>
<Project ToolsVersion="4.0" xmlns="http://schemas.microsoft.com/developer/msbuild/2003">
  <ItemGroup>
    <Filter Include="Source Files">
      <UniqueIdentifier>{4FC737F1-C7A5-4376-A066-2A32D752A2FF}</UniqueIdentifier>
      <Extensions>cpp;c;cc;cxx;def;odl;idl;hpj;bat;asm;asmx</Extensions>
    </Filter>
    <Filter Include="Header Files">
      <UniqueIdentifier>{93995380-89BD-4b04-88EB-625FBE52EBFB}</UniqueIdentifier>
      <Extensions>h;hpp;hxx;hm;inl;inc;xsd</Extensions>
    </Filter>
    <Filter Include="Resource Files">
      <UniqueIdentifier>{67DA6AB6-F800-4c08-8B7A-83BB121AAD01}</UniqueIdentifier>
      <Extensions>rc;ico;cur;bmp;dlg;rc2;rct;bin;rgs;gif;jpg;jpeg;jpe;resx;tiff;tif;png;wav;mfcribbon-ms</Extensions>
    </Filter>
  </ItemGroup>
  <ItemGroup>
    <ClInclude Include="client.h">
      <Filter>Header Files</Filter>
    </ClInclude>
    <ClInclude Include="resource.h">
      <Filter>Header Files</Filter>
    </ClInclude>
    <ClInclude Include="..\Common\libremote\libremote.h">
      <Filter>Header Files</Filter>
    </ClInclude>
    <ClInclude Include="..\Common\remote_protocol.h">
      <Filter>Header Files</Filter>
    </ClInclude>
    <ClInclude Include="..\Common\remote_protobuf.pb.h">
      <Filter>Header Files</Filter>
    </ClInclude>
    <ClInclude Include="client5_savefile.pb.h">
      <Filter>Header Files</Filter>
    </ClInclude>
  </ItemGroup>
  <ItemGroup>
    <ClCompile Include="main.cpp">
      <Filter>Source Files</Filter>
    </ClCompile>
    <ClCompile Include="config.cpp">
      <Filter>Source Files</Filter>
    </ClCompile>
    <ClCompile Include="tab_dj.cpp">
      <Filter>Source Files</Filter>
    </ClCompile>
    <ClCompile Include="tab_opt.cpp">
      <Filter>Source Files</Filter>
    </ClCompile>
    <ClCompile Include="connmgr.cpp">
      <Filter>Source Files</Filter>
    </ClCompile>
    <ClCompile Include="connection.cpp">
      <Filter>Source Files</Filter>
    </ClCompile>
    <ClCompile Include="inputbox.cpp">
      <Filter>Source Files</Filter>
    </ClCompile>
    <ClCompile Include="tab_admin.cpp">
      <Filter>Source Files</Filter>
    </ClCompile>
    <ClCompile Include="tab_help.cpp">
      <Filter>Source Files</Filter>
    </ClCompile>
    <ClCompile Include="tab_find.cpp">
      <Filter>Source Files</Filter>
    </ClCompile>
    <ClCompile Include="..\Common\remote_protobuf.pb.cc">
      <Filter>Source Files</Filter>
    </ClCompile>
    <ClCompile Include="finders.cpp">
      <Filter>Source Files</Filter>
    </ClCompile>
    <ClCompile Include="client5_savefile.pb.cc">
      <Filter>Source Files</Filter>
    </ClCompile>
    <ClCompile Include="tab_about.cpp">
      <Filter>Source Files</Filter>
    </ClCompile>
    <ClCompile Include="..\Common\DriftWindowingToolkit\dwt.cpp">
      <Filter>Source Files</Filter>
    </ClCompile>
  </ItemGroup>
  <ItemGroup>
    <ResourceCompile Include="client5.rc">
      <Filter>Resource Files</Filter>
    </ResourceCompile>
  </ItemGroup>
  <ItemGroup>
    <None Include="..\client\ca.ico">
      <Filter>Resource Files</Filter>
    </None>
    <None Include="..\client\drift-logo.ico">
      <Filter>Resource Files</Filter>
    </None>
    <None Include="1336874838_traffic_lights_green.ico">
      <Filter>Resource Files</Filter>
    </None>
    <None Include="1336874901_traffic_lights_red.ico">
      <Filter>Resource Files</Filter>
    </None>
    <None Include="1336874906_traffic_lights_yellow.ico">
      <Filter>Resource Files</Filter>
    </None>
    <None Include="incoming_req.wav">
      <Filter>Resource Files</Filter>
    </None>
    <None Include="1337106069_right_arrow.ico">
      <Filter>Resource Files</Filter>
    </None>
    <None Include="StatusPics_5.png">
      <Filter>Resource Files</Filter>
    </None>
    <None Include="StatusPics_5.bmp">
      <Filter>Resource Files</Filter>
    </None>
    <None Include="..\client\icon1.ico">
      <Filter>Resource Files</Filter>
    </None>
    <None Include="..\client\bitmap2.bmp">
      <Filter>Resource Files</Filter>
    </None>
    <None Include="StatusPics_4.bmp">
      <Filter>Resource Files</Filter>
    </None>
  </ItemGroup>
</Project>